
Microsoft Visual Studio Solution File, Format Version 12.00
# Visual Studio Version 16
VisualStudioVersion = 16.0.32002.261
MinimumVisualStudioVersion = 10.0.40219.1
Project("{FAE04EC0-301F-11D3-BF4B-00C04F79EFBC}") = "SortingAlg", "SortingAlg\SortingAlg.csproj", "{F1513CDE-BA51-4AF2-B96B-B0A611CCFC59}"
EndProject
Global
	GlobalSection(SolutionConfigurationPlatforms) = preSolution
		Debug|Any CPU = Debug|Any CPU
		Release|Any CPU = Release|Any CPU
	EndGlobalSection
	GlobalSection(ProjectConfigurationPlatforms) = postSolution
		{F1513CDE-BA51-4AF2-B96B-B0A611CCFC59}.Debug|Any CPU.ActiveCfg = Debug|Any CPU
		{F1513CDE-BA51-4AF2-B96B-B0A611CCFC59}.Debug|Any CPU.Build.0 = Debug|Any CPU
		{F1513CDE-BA51-4AF2-B96B-B0A611CCFC59}.Release|Any CPU.ActiveCfg = Release|Any CPU
		{F1513CDE-BA51-4AF2-B96B-B0A611CCFC59}.Release|Any CPU.Build.0 = Release|Any CPU
	EndGlobalSection
	GlobalSection(SolutionProperties) = preSolution
		HideSolutionNode = FALSE
	EndGlobalSection
	GlobalSection(ExtensibilityGlobals) = postSolution
		SolutionGuid = {8C8A2FD4-5BF5-4D91-8435-FFF7B6C25174}
	EndGlobalSection
EndGlobal
